
Microsoft Visual Studio Solution File, Format Version 12.00
# Visual Studio Version 16
VisualStudioVersion = 16.0.31729.503
MinimumVisualStudioVersion = 10.0.40219.1
Project("{FAE04EC0-301F-11D3-BF4B-00C04F79EFBC}") = "PigDice", "PigDice\PigDice.csproj", "{FFE568F4-83BC-4E82-8FF6-DB85721743B3}"
EndProject
Global
	GlobalSection(SolutionConfigurationPlatforms) = preSolution
		Debug|Any CPU = Debug|Any CPU
		Release|Any CPU = Release|Any CPU
	EndGlobalSection
	GlobalSection(ProjectConfigurationPlatforms) = postSolution
		{FFE568F4-83BC-4E82-8FF6-DB85721743B3}.Debug|Any CPU.ActiveCfg = Debug|Any CPU
		{FFE568F4-83BC-4E82-8FF6-DB85721743B3}.Debug|Any CPU.Build.0 = Debug|Any CPU
		{FFE568F4-83BC-4E82-8FF6-DB85721743B3}.Release|Any CPU.ActiveCfg = Release|Any CPU
		{FFE568F4-83BC-4E82-8FF6-DB85721743B3}.Release|Any CPU.Build.0 = Release|Any CPU
	EndGlobalSection
	GlobalSection(SolutionProperties) = preSolution
		HideSolutionNode = FALSE
	EndGlobalSection
	GlobalSection(ExtensibilityGlobals) = postSolution
		SolutionGuid = {8642D818-524D-447B-97E8-ECF08E4919D7}
	EndGlobalSection
EndGlobal
